
Microsoft Visual Studio Solution File, Format Version 12.00
Project("{FAE04EC0-301F-11D3-BF4B-00C04F79EFBC}") = "Frametux.Shared.Core", "Frametux.Shared.Core\Frametux.Shared.Core.csproj", "{F7874B12-9DB5-4CCE-8259-A936BC72952D}"
EndProject
Project("{2150E333-8FDC-42A3-9474-1A3956D46DE8}") = "Test", "Test", "{B78A7865-83AB-40CD-86BA-743C88A3994A}"
EndProject
Project("{FAE04EC0-301F-11D3-BF4B-00C04F79EFBC}") = "UnitTest", "Test\UnitTest\UnitTest.csproj", "{DE11A2D2-C9ED-4385-9772-51A5ECF92C7E}"
EndProject
Project("{2150E333-8FDC-42A3-9474-1A3956D46DE8}") = "ImplementationTest", "ImplementationTest", "{ABE8C7CB-C0F0-448C-B9E7-4FBFA7C4A938}"
EndProject
Project("{FAE04EC0-301F-11D3-BF4B-00C04F79EFBC}") = "TodoApi", "Test\ImplementationTest\TodoApi\TodoApi.csproj", "{32F9F3A4-8FE8-498C-9BE6-95C5A0B9ED30}"
EndProject
Global
	GlobalSection(SolutionConfigurationPlatforms) = preSolution
		Debug|Any CPU = Debug|Any CPU
		Release|Any CPU = Release|Any CPU
	EndGlobalSection
	GlobalSection(ProjectConfigurationPlatforms) = postSolution
		{F7874B12-9DB5-4CCE-8259-A936BC72952D}.Debug|Any CPU.ActiveCfg = Debug|Any CPU
		{F7874B12-9DB5-4CCE-8259-A936BC72952D}.Debug|Any CPU.Build.0 = Debug|Any CPU
		{F7874B12-9DB5-4CCE-8259-A936BC72952D}.Release|Any CPU.ActiveCfg = Release|Any CPU
		{F7874B12-9DB5-4CCE-8259-A936BC72952D}.Release|Any CPU.Build.0 = Release|Any CPU
		{DE11A2D2-C9ED-4385-9772-51A5ECF92C7E}.Debug|Any CPU.ActiveCfg = Debug|Any CPU
		{DE11A2D2-C9ED-4385-9772-51A5ECF92C7E}.Debug|Any CPU.Build.0 = Debug|Any CPU
		{DE11A2D2-C9ED-4385-9772-51A5ECF92C7E}.Release|Any CPU.ActiveCfg = Release|Any CPU
		{DE11A2D2-C9ED-4385-9772-51A5ECF92C7E}.Release|Any CPU.Build.0 = Release|Any CPU
		{32F9F3A4-8FE8-498C-9BE6-95C5A0B9ED30}.Debug|Any CPU.ActiveCfg = Debug|Any CPU
		{32F9F3A4-8FE8-498C-9BE6-95C5A0B9ED30}.Debug|Any CPU.Build.0 = Debug|Any CPU
		{32F9F3A4-8FE8-498C-9BE6-95C5A0B9ED30}.Release|Any CPU.ActiveCfg = Release|Any CPU
		{32F9F3A4-8FE8-498C-9BE6-95C5A0B9ED30}.Release|Any CPU.Build.0 = Release|Any CPU
	EndGlobalSection
	GlobalSection(NestedProjects) = preSolution
		{DE11A2D2-C9ED-4385-9772-51A5ECF92C7E} = {B78A7865-83AB-40CD-86BA-743C88A3994A}
		{ABE8C7CB-C0F0-448C-B9E7-4FBFA7C4A938} = {B78A7865-83AB-40CD-86BA-743C88A3994A}
		{32F9F3A4-8FE8-498C-9BE6-95C5A0B9ED30} = {ABE8C7CB-C0F0-448C-B9E7-4FBFA7C4A938}
	EndGlobalSection
EndGlobal
